
Microsoft Visual Studio Solution File, Format Version 12.00
# Visual Studio Version 17
VisualStudioVersion = 17.3.32825.248
MinimumVisualStudioVersion = 10.0.40219.1
Project("{FAE04EC0-301F-11D3-BF4B-00C04F79EFBC}") = "diar", "diar\diar.csproj", "{2C76D42E-A641-489B-B961-F83629A10725}"
EndProject
Global
	GlobalSection(SolutionConfigurationPlatforms) = preSolution
		Debug|Any CPU = Debug|Any CPU
		Release|Any CPU = Release|Any CPU
	EndGlobalSection
	GlobalSection(ProjectConfigurationPlatforms) = postSolution
		{2C76D42E-A641-489B-B961-F83629A10725}.Debug|Any CPU.ActiveCfg = Debug|Any CPU
		{2C76D42E-A641-489B-B961-F83629A10725}.Debug|Any CPU.Build.0 = Debug|Any CPU
		{2C76D42E-A641-489B-B961-F83629A10725}.Release|Any CPU.ActiveCfg = Release|Any CPU
		{2C76D42E-A641-489B-B961-F83629A10725}.Release|Any CPU.Build.0 = Release|Any CPU
	EndGlobalSection
	GlobalSection(SolutionProperties) = preSolution
		HideSolutionNode = FALSE
	EndGlobalSection
	GlobalSection(ExtensibilityGlobals) = postSolution
		SolutionGuid = {958832FC-69BE-40F6-90C6-E6A9B45CF921}
	EndGlobalSection
EndGlobal
